
Microsoft Visual Studio Solution File, Format Version 12.00
# Visual Studio Version 17
VisualStudioVersion = 17.6.33723.286
MinimumVisualStudioVersion = 10.0.40219.1
Project("{FAE04EC0-301F-11D3-BF4B-00C04F79EFBC}") = "VMController", "VMController\VMController.csproj", "{ED07C43F-AE92-442F-A636-40F5591C2009}"
EndProject
Global
	GlobalSection(SolutionConfigurationPlatforms) = preSolution
		Debug|Any CPU = Debug|Any CPU
		Release|Any CPU = Release|Any CPU
	EndGlobalSection
	GlobalSection(ProjectConfigurationPlatforms) = postSolution
		{ED07C43F-AE92-442F-A636-40F5591C2009}.Debug|Any CPU.ActiveCfg = Debug|Any CPU
		{ED07C43F-AE92-442F-A636-40F5591C2009}.Debug|Any CPU.Build.0 = Debug|Any CPU
		{ED07C43F-AE92-442F-A636-40F5591C2009}.Release|Any CPU.ActiveCfg = Release|Any CPU
		{ED07C43F-AE92-442F-A636-40F5591C2009}.Release|Any CPU.Build.0 = Release|Any CPU
	EndGlobalSection
	GlobalSection(SolutionProperties) = preSolution
		HideSolutionNode = FALSE
	EndGlobalSection
	GlobalSection(ExtensibilityGlobals) = postSolution
		SolutionGuid = {6BB6EFCE-2F7F-4A41-8D9A-396687B4BB66}
	EndGlobalSection
EndGlobal
